// !$*UTF8*$!
{
	archiveVersion = 1;
	classes = {
	};
	objectVersion = 46;
	objects = {
		9D1E4BF0E14FB19F927BF64D = {
			isa = PBXBuildFile;
			fileRef = AAF4890D7328F3A4A38D0512;
		};
		2D585700354AE406225F3BA9 = {
			isa = PBXBuildFile;
			fileRef = 9AD226C2E1D2D5F03BC18A47;
		};
		0346B15C6DE6B44988406182 = {
			isa = PBXBuildFile;
			fileRef = 4A64B3F303161B4DCC8F1412;
		};
		085F8BB290746A5048F027F7 = {
			isa = PBXBuildFile;
			fileRef = 2BD6BA6CFACBCDCE8095A485;
		};
		0E4C750B4B56B1A17BF46193 = {
			isa = PBXBuildFile;
			fileRef = 13702DD4A4E7314B80161416;
		};
		F5D6E71382CEA9605684ACCC = {
			isa = PBXBuildFile;
			fileRef = 12CFA2206C5B513EA70D1067;
		};
		9968FDEDCFAF3F4C9F910990 = {
			isa = PBXBuildFile;
			fileRef = 014FBC719CFC73B11AB33CC4;
		};
		9D42AE60D9117BD566724D97 = {
			isa = PBXBuildFile;
			fileRef = CCF3BD6B6014CB9A91F1F25C;
		};
		ABE600F6BB8850EBAE48AB99 = {
			isa = PBXBuildFile;
			fileRef = C96ED4B6104CE583633714BC;
		};
		CFFB5653FA989C70310CEC39 = {
			isa = PBXBuildFile;
			fileRef = B248844B46EC5B547D04F440;
		};
		4D880A70CCD3CDDAD9A48233 = {
			isa = PBXBuildFile;
			fileRef = 898E3166AF1C6FC5D65547B1;
		};
		E0A14DA0EF2952F18E39A9C2 = {
			isa = PBXBuildFile;
			fileRef = 09A2B77D81F1963EC9F9F018;
		};
		4F62D72B99C7C29E2644DAA1 = {
			isa = PBXBuildFile;
			fileRef = 25CF42761F7F4BDF9D1AFD56;
		};
		CCD4175826ACC9D21CB106FA = {
			isa = PBXBuildFile;
			fileRef = 4AB6A2714261AA9961858F4B;
		};
		EAC238554B0B50D86790F785 = {
			isa = PBXBuildFile;
			fileRef = 04039F8F0BF19365247BAD0F;
		};
		9AC49E9D5E53995223E29043 = {
			isa = PBXBuildFile;
			fileRef = 331EF4ED1B75389056277C28;
		};
		FC8B35EC6A8CBCA775303AB9 = {
			isa = PBXBuildFile;
			fileRef = 1496C3E60BBA6A849744429E;
		};
		3598BF007D7EF5CED8DB0C7E = {
			isa = PBXBuildFile;
			fileRef = 247F4A893B75344A0768F852;
		};
		28323DFA6DA08782F742A21E = {
			isa = PBXBuildFile;
			fileRef = 92B2B6E1BEA6BC12CC116AC6;
		};
		745E057FD46E5562FE25167E = {
			isa = PBXBuildFile;
			fileRef = 427033EF7AA686FEC56E3E26;
		};
		2F4EC08DA061367BCFAAA261 = {
			isa = PBXBuildFile;
			fileRef = 64734627AAE8973E4130AF1E;
		};
		2B44EA83461E7C27C512A610 = {
			isa = PBXBuildFile;
			fileRef = 1EED44536B8FCCDE250EFA3F;
		};
		51A10F2CC4F8B63E7D6DBFDB = {
			isa = PBXBuildFile;
			fileRef = 0FF4375F98F5A13F617751EC;
		};
		A206E7429C32F106B2E1D6B2 = {
			isa = PBXBuildFile;
			fileRef = 625076442AE49573B2398BA2;
		};
		38B7E82BC26EAF65E32A81E5 = {
			isa = PBXBuildFile;
			fileRef = 9F531FAEDA8B2507939249EE;
		};
		41BDE998B23838ED3B1D7255 = {
			isa = PBXBuildFile;
			fileRef = 52B22FC354EFDDAB7DC0D4E7;
		};
		24F3032D2671451B86B91991 = {
			isa = PBXBuildFile;
			fileRef = 4BCAF0EBD332A0435AA2A695;
		};
		93918A786FC48EBEA4D8F534 = {
			isa = PBXBuildFile;
			fileRef = 2D3B5B731546F8CB27331A8E;
		};
		CAD50BCDF6C901A9C765824C = {
			isa = PBXBuildFile;
			fileRef = 30A9BD331AD58A2BE43D5800;
		};
		570EC20EA418D66383858162 = {
			isa = PBXBuildFile;
			fileRef = 75F034F0C461C26DB4A0BE0E;
		};
		C899B2E8444267235E10D158 = {
			isa = PBXBuildFile;
			fileRef = 69373A23EB95A7F42251D5A4;
		};
		014FBC719CFC73B11AB33CC4 = {
			isa = PBXFileReference;
			lastKnownFileType = wrapper.framework;
			name = Cocoa.framework;
			path = System/Library/Frameworks/Cocoa.framework;
			sourceTree = SDKROOT;
		};
		04039F8F0BF19365247BAD0F = {
			isa = PBXFileReference;
			lastKnownFileType = file.nib;
			name = RecentFilesMenuTemplate.nib;
			path = RecentFilesMenuTemplate.nib;
			sourceTree = "SOURCE_ROOT";
		};
		09A2B77D81F1963EC9F9F018 = {
			isa = PBXFileReference;
			lastKnownFileType = wrapper.framework;
			name = OpenGL.framework;
			path = System/Library/Frameworks/OpenGL.framework;
			sourceTree = SDKROOT;
		};
		0FD8B7306DA3F3F62BB9A1A6 = {
			isa = PBXFileReference;
			lastKnownFileType = sourcecode.c.h;
			name = MainComponent.h;
			path = ../../Source/MainComponent.h;
			sourceTree = "SOURCE_ROOT";
		};
		0FF4375F98F5A13F617751EC = {
			isa = PBXFileReference;
			lastKnownFileType = sourcecode.cpp.objcpp;
			name = "include_juce_core.mm";
			path = "../../JuceLibraryCode/include_juce_core.mm";
			sourceTree = "SOURCE_ROOT";
		};
		12CFA2206C5B513EA70D1067 = {
			isa = PBXFileReference;
			lastKnownFileType = wrapper.framework;
			name = Carbon.framework;
			path = System/Library/Frameworks/Carbon.framework;
			sourceTree = SDKROOT;
		};
		13702DD4A4E7314B80161416 = {
			isa = PBXFileReference;
			lastKnownFileType = wrapper.framework;
			name = AVKit.framework;
			path = System/Library/Frameworks/AVKit.framework;
			sourceTree = SDKROOT;
		};
		1496C3E60BBA6A849744429E = {
			isa = PBXFileReference;
			lastKnownFileType = sourcecode.cpp.cpp;
			name = MainComponent.cpp;
			path = ../../Source/MainComponent.cpp;
			sourceTree = "SOURCE_ROOT";
		};
		1EED44536B8FCCDE250EFA3F = {
			isa = PBXFileReference;
			lastKnownFileType = sourcecode.cpp.objcpp;
			name = "include_juce_audio_processors.mm";
			path = "../../JuceLibraryCode/include_juce_audio_processors.mm";
			sourceTree = "SOURCE_ROOT";
		};
		22344CA8FD82094DA2721F85 = {
			isa = PBXFileReference;
			lastKnownFileType = file;
			name = "juce_audio_devices";
			path = "../../JuceLibraryCode/modules/juce_audio_devices";
			sourceTree = "SOURCE_ROOT";
		};
		247F4A893B75344A0768F852 = {
			isa = PBXFileReference;
			lastKnownFileType = sourcecode.cpp.cpp;
			name = MidiGenerator.cpp;
			path = ../../Source/MidiGenerator.cpp;
			sourceTree = "SOURCE_ROOT";
		};
		25CF42761F7F4BDF9D1AFD56 = {
			isa = PBXFileReference;
			lastKnownFileType = wrapper.framework;
			name = QuartzCore.framework;
			path = System/Library/Frameworks/QuartzCore.framework;
			sourceTree = SDKROOT;
		};
		2BD6BA6CFACBCDCE8095A485 = {
			isa = PBXFileReference;
			lastKnownFileType = wrapper.framework;
			name = AVFoundation.framework;
			path = System/Library/Frameworks/AVFoundation.framework;
			sourceTree = SDKROOT;
		};
		2D3B5B731546F8CB27331A8E = {
			isa = PBXFileReference;
			lastKnownFileType = sourcecode.cpp.objcpp;
			name = "include_juce_gui_basics.mm";
			path = "../../JuceLibraryCode/include_juce_gui_basics.mm";
			sourceTree = "SOURCE_ROOT";
		};
		30A9BD331AD58A2BE43D5800 = {
			isa = PBXFileReference;
			lastKnownFileType = sourcecode.cpp.objcpp;
			name = "include_juce_gui_extra.mm";
			path = "../../JuceLibraryCode/include_juce_gui_extra.mm";
			sourceTree = "SOURCE_ROOT";
		};
		331EF4ED1B75389056277C28 = {
			isa = PBXFileReference;
			lastKnownFileType = sourcecode.cpp.cpp;
			name = Main.cpp;
			path = ../../Source/Main.cpp;
			sourceTree = "SOURCE_ROOT";
		};
		427033EF7AA686FEC56E3E26 = {
			isa = PBXFileReference;
			lastKnownFileType = sourcecode.cpp.objcpp;
			name = "include_juce_audio_devices.mm";
			path = "../../JuceLibraryCode/include_juce_audio_devices.mm";
			sourceTree = "SOURCE_ROOT";
		};
		4A64B3F303161B4DCC8F1412 = {
			isa = PBXFileReference;
			lastKnownFileType = wrapper.framework;
			name = AudioToolbox.framework;
			path = System/Library/Frameworks/AudioToolbox.framework;
			sourceTree = SDKROOT;
		};
		4AB6A2714261AA9961858F4B = {
			isa = PBXFileReference;
			lastKnownFileType = wrapper.framework;
			name = WebKit.framework;
			path = System/Library/Frameworks/WebKit.framework;
			sourceTree = SDKROOT;
		};
		4BCAF0EBD332A0435AA2A695 = {
			isa = PBXFileReference;
			lastKnownFileType = sourcecode.cpp.objcpp;
			name = "include_juce_graphics.mm";
			path = "../../JuceLibraryCode/include_juce_graphics.mm";
			sourceTree = "SOURCE_ROOT";
		};
		52910215B357A6E14AE843EB = {
			isa = PBXFileReference;
			lastKnownFileType = file;
			name = "juce_audio_processors";
			path = "../../JuceLibraryCode/modules/juce_audio_processors";
			sourceTree = "SOURCE_ROOT";
		};
		52B22FC354EFDDAB7DC0D4E7 = {
			isa = PBXFileReference;
			lastKnownFileType = sourcecode.cpp.objcpp;
			name = "include_juce_events.mm";
			path = "../../JuceLibraryCode/include_juce_events.mm";
			sourceTree = "SOURCE_ROOT";
		};
		55DD57B0FE5A1E6DBEEDC70B = {
			isa = PBXFileReference;
			lastKnownFileType = sourcecode.c.h;
			name = MidiGenerator.h;
			path = ../../Source/MidiGenerator.h;
			sourceTree = "SOURCE_ROOT";
		};
		5B125AB47567DB82CBDE5209 = {
			isa = PBXFileReference;
			lastKnownFileType = file;
			name = "juce_video";
			path = "../../JuceLibraryCode/modules/juce_video";
			sourceTree = "SOURCE_ROOT";
		};
		5FE812FE623F37DD01FE4FF5 = {
			isa = PBXFileReference;
			lastKnownFileType = file;
			name = "juce_graphics";
			path = "../../JuceLibraryCode/modules/juce_graphics";
			sourceTree = "SOURCE_ROOT";
		};
		625076442AE49573B2398BA2 = {
			isa = PBXFileReference;
			lastKnownFileType = sourcecode.cpp.objcpp;
			name = "include_juce_cryptography.mm";
			path = "../../JuceLibraryCode/include_juce_cryptography.mm";
			sourceTree = "SOURCE_ROOT";
		};
		64734627AAE8973E4130AF1E = {
			isa = PBXFileReference;
			lastKnownFileType = sourcecode.cpp.objcpp;
			name = "include_juce_audio_formats.mm";
			path = "../../JuceLibraryCode/include_juce_audio_formats.mm";
			sourceTree = "SOURCE_ROOT";
		};
		69373A23EB95A7F42251D5A4 = {
			isa = PBXFileReference;
			lastKnownFileType = sourcecode.cpp.objcpp;
			name = "include_juce_video.mm";
			path = "../../JuceLibraryCode/include_juce_video.mm";
			sourceTree = "SOURCE_ROOT";
		};
		6B857780852469381BDFE45A = {
			isa = PBXFileReference;
			lastKnownFileType = file;
			name = "juce_audio_formats";
			path = "../../JuceLibraryCode/modules/juce_audio_formats";
			sourceTree = "SOURCE_ROOT";
		};
		7450B7748DBD0151AB069E9C = {
			isa = PBXFileReference;
			lastKnownFileType = text.plist.xml;
			name = "Info-App.plist";
			path = "Info-App.plist";
			sourceTree = "SOURCE_ROOT";
		};
		75F034F0C461C26DB4A0BE0E = {
			isa = PBXFileReference;
			lastKnownFileType = sourcecode.cpp.objcpp;
			name = "include_juce_opengl.mm";
			path = "../../JuceLibraryCode/include_juce_opengl.mm";
			sourceTree = "SOURCE_ROOT";
		};
		7B07F364B0765C4996E1959A = {
			isa = PBXFileReference;
			lastKnownFileType = sourcecode.c.h;
			name = "Scales&Patterns.h";
			path = "../../Source/Scales&Patterns.h";
			sourceTree = "SOURCE_ROOT";
		};
		80D7044DF883CF94E2AA2C00 = {
			isa = PBXFileReference;
			lastKnownFileType = file;
			name = "juce_gui_basics";
			path = "../../JuceLibraryCode/modules/juce_gui_basics";
			sourceTree = "SOURCE_ROOT";
		};
		898E3166AF1C6FC5D65547B1 = {
			isa = PBXFileReference;
			lastKnownFileType = wrapper.framework;
			name = IOKit.framework;
			path = System/Library/Frameworks/IOKit.framework;
			sourceTree = SDKROOT;
		};
		92B2B6E1BEA6BC12CC116AC6 = {
			isa = PBXFileReference;
			lastKnownFileType = sourcecode.cpp.objcpp;
			name = "include_juce_audio_basics.mm";
			path = "../../JuceLibraryCode/include_juce_audio_basics.mm";
			sourceTree = "SOURCE_ROOT";
		};
		9AD226C2E1D2D5F03BC18A47 = {
			isa = PBXFileReference;
			lastKnownFileType = wrapper.framework;
			name = Accelerate.framework;
			path = System/Library/Frameworks/Accelerate.framework;
			sourceTree = SDKROOT;
		};
		9F531FAEDA8B2507939249EE = {
			isa = PBXFileReference;
			lastKnownFileType = sourcecode.cpp.objcpp;
			name = "include_juce_data_structures.mm";
			path = "../../JuceLibraryCode/include_juce_data_structures.mm";
			sourceTree = "SOURCE_ROOT";
		};
		A406F28D9C2948A1CEE66CFF = {
			isa = PBXFileReference;
			lastKnownFileType = file;
			name = "juce_core";
			path = "../../JuceLibraryCode/modules/juce_core";
			sourceTree = "SOURCE_ROOT";
		};
		AAF4890D7328F3A4A38D0512 = {
			isa = PBXFileReference;
			explicitFileType = wrapper.application;
			includeInIndex = 0;
			path = Shuttertone.app;
			sourceTree = "BUILT_PRODUCTS_DIR";
		};
		AEACDA98F0F59F289CD45294 = {
			isa = PBXFileReference;
			lastKnownFileType = file;
			name = "juce_gui_extra";
			path = "../../JuceLibraryCode/modules/juce_gui_extra";
			sourceTree = "SOURCE_ROOT";
		};
		B248844B46EC5B547D04F440 = {
			isa = PBXFileReference;
			lastKnownFileType = wrapper.framework;
			name = CoreMIDI.framework;
			path = System/Library/Frameworks/CoreMIDI.framework;
			sourceTree = SDKROOT;
		};
		B84AF7E66F8A8E2DBC7FB26C = {
			isa = PBXFileReference;
			lastKnownFileType = sourcecode.c.h;
			name = JuceHeader.h;
			path = ../../JuceLibraryCode/JuceHeader.h;
			sourceTree = "SOURCE_ROOT";
		};
		BAC0FA6BC115F40569506909 = {
			isa = PBXFileReference;
			lastKnownFileType = file;
			name = "juce_opengl";
			path = "../../JuceLibraryCode/modules/juce_opengl";
			sourceTree = "SOURCE_ROOT";
		};
		C69D5DA0D4327230D2B2C07F = {
			isa = PBXFileReference;
			lastKnownFileType = file;
			name = "juce_data_structures";
			path = "../../JuceLibraryCode/modules/juce_data_structures";
			sourceTree = "SOURCE_ROOT";
		};
		C96ED4B6104CE583633714BC = {
			isa = PBXFileReference;
			lastKnownFileType = wrapper.framework;
			name = CoreMedia.framework;
			path = System/Library/Frameworks/CoreMedia.framework;
			sourceTree = SDKROOT;
		};
		CCF3BD6B6014CB9A91F1F25C = {
			isa = PBXFileReference;
			lastKnownFileType = wrapper.framework;
			name = CoreAudio.framework;
			path = System/Library/Frameworks/CoreAudio.framework;
			sourceTree = SDKROOT;
		};
		D233C73A41CC97FCE1AFA95C = {
			isa = PBXFileReference;
			lastKnownFileType = file;
			name = "juce_cryptography";
			path = "../../JuceLibraryCode/modules/juce_cryptography";
			sourceTree = "SOURCE_ROOT";
		};
		DA18242639AFC167B0CDE841 = {
			isa = PBXFileReference;
			lastKnownFileType = sourcecode.c.h;
			name = AppConfig.h;
			path = ../../JuceLibraryCode/AppConfig.h;
			sourceTree = "SOURCE_ROOT";
		};
		DBD8CE1C18BB9DAA8EBD01AF = {
			isa = PBXFileReference;
			lastKnownFileType = file;
			name = "juce_audio_basics";
			path = "../../JuceLibraryCode/modules/juce_audio_basics";
			sourceTree = "SOURCE_ROOT";
		};
		FF2FE2F62DB6550A86BB88E1 = {
			isa = PBXFileReference;
			lastKnownFileType = file;
			name = "juce_events";
			path = "../../JuceLibraryCode/modules/juce_events";
			sourceTree = "SOURCE_ROOT";
		};
		BD63055D5B69AFA2BA2FC140 = {
			isa = PBXGroup;
			children = (
				7B07F364B0765C4996E1959A,
				331EF4ED1B75389056277C28,
				0FD8B7306DA3F3F62BB9A1A6,
				1496C3E60BBA6A849744429E,
				55DD57B0FE5A1E6DBEEDC70B,
				247F4A893B75344A0768F852,
			);
			name = Source;
			sourceTree = "<group>";
		};
		A932FC18FD63704B12AEA8BC = {
			isa = PBXGroup;
			children = (
				BD63055D5B69AFA2BA2FC140,
			);
			name = Shuttertone;
			sourceTree = "<group>";
		};
		0E6DD9157A38B528E2A44226 = {
			isa = PBXGroup;
			children = (
				DBD8CE1C18BB9DAA8EBD01AF,
				22344CA8FD82094DA2721F85,
				6B857780852469381BDFE45A,
				52910215B357A6E14AE843EB,
				A406F28D9C2948A1CEE66CFF,
				D233C73A41CC97FCE1AFA95C,
				C69D5DA0D4327230D2B2C07F,
				FF2FE2F62DB6550A86BB88E1,
				5FE812FE623F37DD01FE4FF5,
				80D7044DF883CF94E2AA2C00,
				AEACDA98F0F59F289CD45294,
				BAC0FA6BC115F40569506909,
				5B125AB47567DB82CBDE5209,
			);
			name = "JUCE Modules";
			sourceTree = "<group>";
		};
		4815A0CB7F14147373C5305A = {
			isa = PBXGroup;
			children = (
				DA18242639AFC167B0CDE841,
				92B2B6E1BEA6BC12CC116AC6,
				427033EF7AA686FEC56E3E26,
				64734627AAE8973E4130AF1E,
				1EED44536B8FCCDE250EFA3F,
				0FF4375F98F5A13F617751EC,
				625076442AE49573B2398BA2,
				9F531FAEDA8B2507939249EE,
				52B22FC354EFDDAB7DC0D4E7,
				4BCAF0EBD332A0435AA2A695,
				2D3B5B731546F8CB27331A8E,
				30A9BD331AD58A2BE43D5800,
				75F034F0C461C26DB4A0BE0E,
				69373A23EB95A7F42251D5A4,
				B84AF7E66F8A8E2DBC7FB26C,
			);
			name = "JUCE Library Code";
			sourceTree = "<group>";
		};
		7A5FFF2237BF98F3EDE0F677 = {
			isa = PBXGroup;
			children = (
				7450B7748DBD0151AB069E9C,
				04039F8F0BF19365247BAD0F,
			);
			name = Resources;
			sourceTree = "<group>";
		};
		223892D982319F0073FA49AE = {
			isa = PBXGroup;
			children = (
				9AD226C2E1D2D5F03BC18A47,
				4A64B3F303161B4DCC8F1412,
				2BD6BA6CFACBCDCE8095A485,
				13702DD4A4E7314B80161416,
				12CFA2206C5B513EA70D1067,
				014FBC719CFC73B11AB33CC4,
				CCF3BD6B6014CB9A91F1F25C,
				C96ED4B6104CE583633714BC,
				B248844B46EC5B547D04F440,
				898E3166AF1C6FC5D65547B1,
				09A2B77D81F1963EC9F9F018,
				25CF42761F7F4BDF9D1AFD56,
				4AB6A2714261AA9961858F4B,
			);
			name = Frameworks;
			sourceTree = "<group>";
		};
		F44425095E5EB2B110CE8584 = {
			isa = PBXGroup;
			children = (
				AAF4890D7328F3A4A38D0512,
			);
			name = Products;
			sourceTree = "<group>";
		};
		FFC72F41CD2ED060CEB3997D = {
			isa = PBXGroup;
			children = (
				A932FC18FD63704B12AEA8BC,
				0E6DD9157A38B528E2A44226,
				4815A0CB7F14147373C5305A,
				7A5FFF2237BF98F3EDE0F677,
				223892D982319F0073FA49AE,
				F44425095E5EB2B110CE8584,
			);
			name = Source;
			sourceTree = "<group>";
		};
		1E8B254EB308C814319B7191 = {
			isa = XCBuildConfiguration;
			buildSettings = {
				CLANG_CXX_LANGUAGE_STANDARD = "c++14";
				CLANG_CXX_LIBRARY = "libc++";
				CLANG_LINK_OBJC_RUNTIME = NO;
				CODE_SIGN_IDENTITY = "";
				COMBINE_HIDPI_IMAGES = YES;
				CONFIGURATION_BUILD_DIR = "$(PROJECT_DIR)/build/$(CONFIGURATION)";
				COPY_PHASE_STRIP = NO;
				GCC_DYNAMIC_NO_PIC = NO;
				GCC_OPTIMIZATION_LEVEL = 0;
				GCC_PREPROCESSOR_DEFINITIONS = (
					"_DEBUG=1",
					"DEBUG=1",
					"JUCER_XCODE_MAC_F6D2F4CF=1",
					"JUCE_APP_VERSION=1.0.0",
					"JUCE_APP_VERSION_HEX=0x10000",
					"JucePlugin_Build_VST=0",
					"JucePlugin_Build_VST3=0",
					"JucePlugin_Build_AU=0",
					"JucePlugin_Build_AUv3=0",
					"JucePlugin_Build_RTAS=0",
					"JucePlugin_Build_AAX=0",
					"JucePlugin_Build_Standalone=0",
					"JucePlugin_Build_Unity=0",
				);
				GCC_VERSION = com.apple.compilers.llvm.clang.1_0;
				HEADER_SEARCH_PATHS = (
					"../../JuceLibraryCode",
					"../../JuceLibraryCode/modules",
					"$(inherited)",
				);
				INFOPLIST_FILE = Info-App.plist;
				INFOPLIST_PREPROCESS = NO;
				INSTALL_PATH = "$(HOME)/Applications";
				MACOSX_DEPLOYMENT_TARGET = 10.7;
				PRODUCT_BUNDLE_IDENTIFIER = com.glimmeraudio.shuttertone;
				PRODUCT_NAME = "Shuttertone";
				USE_HEADERMAP = NO;
			};
			name = Debug;
		};
		051EDED71CAB7BF66D6019FE = {
			isa = XCBuildConfiguration;
			buildSettings = {
				CLANG_CXX_LANGUAGE_STANDARD = "c++14";
				CLANG_CXX_LIBRARY = "libc++";
				CLANG_LINK_OBJC_RUNTIME = NO;
				CODE_SIGN_IDENTITY = "";
				COMBINE_HIDPI_IMAGES = YES;
				CONFIGURATION_BUILD_DIR = "$(PROJECT_DIR)/build/$(CONFIGURATION)";
				DEAD_CODE_STRIPPING = YES;
				GCC_GENERATE_DEBUGGING_SYMBOLS = NO;
				GCC_OPTIMIZATION_LEVEL = s;
				GCC_PREPROCESSOR_DEFINITIONS = (
					"_NDEBUG=1",
					"NDEBUG=1",
					"JUCER_XCODE_MAC_F6D2F4CF=1",
					"JUCE_APP_VERSION=1.0.0",
					"JUCE_APP_VERSION_HEX=0x10000",
					"JucePlugin_Build_VST=0",
					"JucePlugin_Build_VST3=0",
					"JucePlugin_Build_AU=0",
					"JucePlugin_Build_AUv3=0",
					"JucePlugin_Build_RTAS=0",
					"JucePlugin_Build_AAX=0",
					"JucePlugin_Build_Standalone=0",
					"JucePlugin_Build_Unity=0",
				);
				GCC_SYMBOLS_PRIVATE_EXTERN = YES;
				GCC_VERSION = com.apple.compilers.llvm.clang.1_0;
				HEADER_SEARCH_PATHS = (
					"../../JuceLibraryCode",
					"../../JuceLibraryCode/modules",
					"$(inherited)",
				);
				INFOPLIST_FILE = Info-App.plist;
				INFOPLIST_PREPROCESS = NO;
				INSTALL_PATH = "$(HOME)/Applications";
				LLVM_LTO = YES;
				MACOSX_DEPLOYMENT_TARGET = 10.7;
				PRODUCT_BUNDLE_IDENTIFIER = com.glimmeraudio.shuttertone;
				PRODUCT_NAME = "Shuttertone";
				USE_HEADERMAP = NO;
			};
			name = Release;
		};
		EAB030993CEA9EE707C4DFC3 = {
			isa = XCBuildConfiguration;
			buildSettings = {
				ALWAYS_SEARCH_USER_PATHS = NO;
				CLANG_ENABLE_OBJC_WEAK = YES;
				CLANG_WARN_BLOCK_CAPTURE_AUTORELEASING = YES;
				CLANG_WARN_BOOL_CONVERSION = YES;
				CLANG_WARN_COMMA = YES;
				CLANG_WARN_CONSTANT_CONVERSION = YES;
				CLANG_WARN_DEPRECATED_OBJC_IMPLEMENTATIONS = YES;
				CLANG_WARN_EMPTY_BODY = YES;
				CLANG_WARN_ENUM_CONVERSION = YES;
				CLANG_WARN_INFINITE_RECURSION = YES;
				CLANG_WARN_INT_CONVERSION = YES;
				CLANG_WARN_NON_LITERAL_NULL_CONVERSION = YES;
				CLANG_WARN_OBJC_IMPLICIT_RETAIN_SELF = YES;
				CLANG_WARN_OBJC_LITERAL_CONVERSION = YES;
				CLANG_WARN_RANGE_LOOP_ANALYSIS = YES;
				CLANG_WARN_STRICT_PROTOTYPES = YES;
				CLANG_WARN_SUSPICIOUS_MOVE = YES;
				CLANG_WARN_UNREACHABLE_CODE = YES;
				CLANG_WARN__DUPLICATE_METHOD_MATCH = YES;
				CODE_SIGN_IDENTITY = "";
				DEBUG_INFORMATION_FORMAT = dwarf;
				ENABLE_STRICT_OBJC_MSGSEND = YES;
				ENABLE_TESTABILITY = YES;
				GCC_C_LANGUAGE_STANDARD = c11;
				GCC_INLINES_ARE_PRIVATE_EXTERN = YES;
				GCC_MODEL_TUNING = G5;
				GCC_NO_COMMON_BLOCKS = YES;
				GCC_WARN_64_TO_32_BIT_CONVERSION = YES;
				GCC_WARN_ABOUT_RETURN_TYPE = YES;
				GCC_WARN_CHECK_SWITCH_STATEMENTS = YES;
				GCC_WARN_MISSING_PARENTHESES = YES;
				GCC_WARN_NON_VIRTUAL_DESTRUCTOR = YES;
				GCC_WARN_TYPECHECK_CALLS_TO_PRINTF = YES;
				GCC_WARN_UNDECLARED_SELECTOR = YES;
				GCC_WARN_UNINITIALIZED_AUTOS = YES;
				GCC_WARN_UNUSED_FUNCTION = YES;
				GCC_WARN_UNUSED_VARIABLE = YES;
				ONLY_ACTIVE_ARCH = YES;
				PRODUCT_NAME = "Shuttertone";
				SDKROOT = macosx;
				WARNING_CFLAGS = "-Wreorder";
				ZERO_LINK = NO;
			};
			name = Debug;
		};
		66E725F2084DBCB686E9E49F = {
			isa = XCBuildConfiguration;
			buildSettings = {
				ALWAYS_SEARCH_USER_PATHS = NO;
				CLANG_ENABLE_OBJC_WEAK = YES;
				CLANG_WARN_BLOCK_CAPTURE_AUTORELEASING = YES;
				CLANG_WARN_BOOL_CONVERSION = YES;
				CLANG_WARN_COMMA = YES;
				CLANG_WARN_CONSTANT_CONVERSION = YES;
				CLANG_WARN_DEPRECATED_OBJC_IMPLEMENTATIONS = YES;
				CLANG_WARN_EMPTY_BODY = YES;
				CLANG_WARN_ENUM_CONVERSION = YES;
				CLANG_WARN_INFINITE_RECURSION = YES;
				CLANG_WARN_INT_CONVERSION = YES;
				CLANG_WARN_NON_LITERAL_NULL_CONVERSION = YES;
				CLANG_WARN_OBJC_IMPLICIT_RETAIN_SELF = YES;
				CLANG_WARN_OBJC_LITERAL_CONVERSION = YES;
				CLANG_WARN_RANGE_LOOP_ANALYSIS = YES;
				CLANG_WARN_STRICT_PROTOTYPES = YES;
				CLANG_WARN_SUSPICIOUS_MOVE = YES;
				CLANG_WARN_UNREACHABLE_CODE = YES;
				CLANG_WARN__DUPLICATE_METHOD_MATCH = YES;
				CODE_SIGN_IDENTITY = "";
				DEBUG_INFORMATION_FORMAT = dwarf;
				ENABLE_STRICT_OBJC_MSGSEND = YES;
				GCC_C_LANGUAGE_STANDARD = c11;
				GCC_INLINES_ARE_PRIVATE_EXTERN = YES;
				GCC_MODEL_TUNING = G5;
				GCC_NO_COMMON_BLOCKS = YES;
				GCC_WARN_64_TO_32_BIT_CONVERSION = YES;
				GCC_WARN_ABOUT_RETURN_TYPE = YES;
				GCC_WARN_CHECK_SWITCH_STATEMENTS = YES;
				GCC_WARN_MISSING_PARENTHESES = YES;
				GCC_WARN_NON_VIRTUAL_DESTRUCTOR = YES;
				GCC_WARN_TYPECHECK_CALLS_TO_PRINTF = YES;
				GCC_WARN_UNDECLARED_SELECTOR = YES;
				GCC_WARN_UNINITIALIZED_AUTOS = YES;
				GCC_WARN_UNUSED_FUNCTION = YES;
				GCC_WARN_UNUSED_VARIABLE = YES;
				PRODUCT_NAME = "Shuttertone";
				SDKROOT = macosx;
				WARNING_CFLAGS = "-Wreorder";
				ZERO_LINK = NO;
			};
			name = Release;
		};
		F38380125345ACA3E4EAD393 = {
			isa = PBXTargetDependency;
			target = 8838F990C9E74A668E9C4DB6;
		};
		A5B5E2C675EC8E9A39CDC74A = {
			isa = XCConfigurationList;
			buildConfigurations = (
				EAB030993CEA9EE707C4DFC3,
				66E725F2084DBCB686E9E49F,
			);
			defaultConfigurationIsVisible = 0;
			defaultConfigurationName = Debug;
		};
		12E38EA681958321B8BC1FA5 = {
			isa = XCConfigurationList;
			buildConfigurations = (
				1E8B254EB308C814319B7191,
				051EDED71CAB7BF66D6019FE,
			);
			defaultConfigurationIsVisible = 0;
			defaultConfigurationName = Debug;
		};
		5129CD0B27558A9EDCF2CCCB = {
			isa = PBXResourcesBuildPhase;
			buildActionMask = 2147483647;
			files = (
				EAC238554B0B50D86790F785,
			);
			runOnlyForDeploymentPostprocessing = 0;
		};
		4A4518D5A9F5986B84543411 = {
			isa = PBXSourcesBuildPhase;
			buildActionMask = 2147483647;
			files = (
				9AC49E9D5E53995223E29043,
				FC8B35EC6A8CBCA775303AB9,
				3598BF007D7EF5CED8DB0C7E,
				28323DFA6DA08782F742A21E,
				745E057FD46E5562FE25167E,
				2F4EC08DA061367BCFAAA261,
				2B44EA83461E7C27C512A610,
				51A10F2CC4F8B63E7D6DBFDB,
				A206E7429C32F106B2E1D6B2,
				38B7E82BC26EAF65E32A81E5,
				41BDE998B23838ED3B1D7255,
				24F3032D2671451B86B91991,
				93918A786FC48EBEA4D8F534,
				CAD50BCDF6C901A9C765824C,
				570EC20EA418D66383858162,
				C899B2E8444267235E10D158,
			);
			runOnlyForDeploymentPostprocessing = 0;
		};
		342A1B0965D8A651F7CD8929 = {
			isa = PBXFrameworksBuildPhase;
			buildActionMask = 2147483647;
			files = (
				2D585700354AE406225F3BA9,
				0346B15C6DE6B44988406182,
				085F8BB290746A5048F027F7,
				0E4C750B4B56B1A17BF46193,
				F5D6E71382CEA9605684ACCC,
				9968FDEDCFAF3F4C9F910990,
				9D42AE60D9117BD566724D97,
				ABE600F6BB8850EBAE48AB99,
				CFFB5653FA989C70310CEC39,
				4D880A70CCD3CDDAD9A48233,
				E0A14DA0EF2952F18E39A9C2,
				4F62D72B99C7C29E2644DAA1,
				CCD4175826ACC9D21CB106FA,
			);
			runOnlyForDeploymentPostprocessing = 0;
		};
		8838F990C9E74A668E9C4DB6 = {
			isa = PBXNativeTarget;
			buildConfigurationList = 12E38EA681958321B8BC1FA5;
			buildPhases = (
				5129CD0B27558A9EDCF2CCCB,
				4A4518D5A9F5986B84543411,
				342A1B0965D8A651F7CD8929,
			);
			buildRules = ( );
			dependencies = ( );
			name = "Shuttertone - App";
			productName = Shuttertone;
			productReference = AAF4890D7328F3A4A38D0512;
			productType = "com.apple.product-type.application";
		};
		F7AAC555040AC35FB3E47137 = {
			isa = PBXProject;
			buildConfigurationList = A5B5E2C675EC8E9A39CDC74A;
			attributes = { LastUpgradeCheck = 1100; ORGANIZATIONNAME = "LTML"; TargetAttributes = { 8838F990C9E74A668E9C4DB6 = { SystemCapabilities = {com.apple.ApplicationGroups.iOS = { enabled = 0; }; com.apple.InAppPurchase = { enabled = 0; }; com.apple.InterAppAudio = { enabled = 0; }; com.apple.Push = { enabled = 0; }; com.apple.Sandbox = { enabled = 0; }; com.apple.HardenedRuntime = { enabled = 0; }; }; }; }; };
			compatibilityVersion = "Xcode 3.2";
			hasScannedForEncodings = 0;
			mainGroup = FFC72F41CD2ED060CEB3997D;
			projectDirPath = "";
			projectRoot = "";
			targets = (8838F990C9E74A668E9C4DB6);
			knownRegions = (en, Base);
		};
	};
	rootObject = F7AAC555040AC35FB3E47137;
}
